{
  "name": "personal-access-token-example",
  "version": "0.0.0",
  "lockfileVersion": 2,
  "requires": true,
  "packages": {
    "": {
      "name": "personal-access-token-example",
      "version": "0.0.0",
      "license": "MIT",
      "dependencies": {
        "@zeplin/sdk": "latest"
      }
    },
    "../..": {
      "name": "@zeplin/sdk",
      "version": "0.0.0",
      "extraneous": true,
      "license": "MIT",
      "dependencies": {
        "axios": "^0.21.1",
        "core-js": "^3.10.2",
        "regenerator-runtime": "^0.13.7"
      },
      "devDependencies": {
        "@babel/cli": "^7.13.14",
        "@babel/node": "^7.13.13",
        "@babel/preset-env": "^7.13.15",
        "@babel/preset-typescript": "^7.13.0",
        "@tsconfig/node14": "^1.0.0",
        "@types/node": "^14.14.41",
        "typescript": "^4.2.4"
      }
    },
    "node_modules/@zeplin/sdk": {
      "version": "1.0.1",
      "resolved": "https://registry.npmjs.org/@zeplin/sdk/-/sdk-1.0.1.tgz",
      "integrity": "sha512-PlpnIin4lrU3BuXWjRSFhKy4QC8tQM+LLn8crG2e/Wd+XjWoDukUcRP2fYFMuooAzj/e9eUyNMHAUesKAT/t/w==",
      "dependencies": {
        "axios": "^0.21.1",
        "core-js": "^3.10.2",
        "regenerator-runtime": "^0.13.7"
      }
    },
    "node_modules/axios": {
      "version": "0.21.1",
      "resolved": "https://registry.npmjs.org/axios/-/axios-0.21.1.tgz",
      "integrity": "sha512-dKQiRHxGD9PPRIUNIWvZhPTPpl1rf/OxTYKsqKUDjBwYylTvV7SjSHJb9ratfyzM6wCdLCOYLzs73qpg5c4iGA==",
      "dependencies": {
        "follow-redirects": "^1.10.0"
      }
    },
    "node_modules/core-js": {
      "version": "3.12.1",
      "resolved": "https://registry.npmjs.org/core-js/-/core-js-3.12.1.tgz",
      "integrity": "sha512-Ne9DKPHTObRuB09Dru5AjwKjY4cJHVGu+y5f7coGn1E9Grkc3p2iBwE9AI/nJzsE29mQF7oq+mhYYRqOMFN1Bw==",
      "hasInstallScript": true,
      "funding": {
        "type": "opencollective",
        "url": "https://opencollective.com/core-js"
      }
    },
    "node_modules/follow-redirects": {
      "version": "1.14.1",
      "resolved": "https://registry.npmjs.org/follow-redirects/-/follow-redirects-1.14.1.tgz",
      "integrity": "sha512-HWqDgT7ZEkqRzBvc2s64vSZ/hfOceEol3ac/7tKwzuvEyWx3/4UegXh5oBOIotkGsObyk3xznnSRVADBgWSQVg==",
      "funding": [
        {
          "type": "individual",
          "url": "https://github.com/sponsors/RubenVerborgh"
        }
      ],
      "engines": {
        "node": ">=4.0"
      },
      "peerDependenciesMeta": {
        "debug": {
          "optional": true
        }
      }
    },
    "node_modules/regenerator-runtime": {
      "version": "0.13.7",
      "resolved": "https://registry.npmjs.org/regenerator-runtime/-/regenerator-runtime-0.13.7.tgz",
      "integrity": "sha512-a54FxoJDIr27pgf7IgeQGxmqUNYrcV338lf/6gH456HZ/PhX+5BcwHXG9ajESmwe6WRO0tAzRUrRmNONWgkrew=="
    }
  },
  "dependencies": {
    "@zeplin/sdk": {
      "version": "1.0.1",
      "resolved": "https://registry.npmjs.org/@zeplin/sdk/-/sdk-1.0.1.tgz",
      "integrity": "sha512-PlpnIin4lrU3BuXWjRSFhKy4QC8tQM+LLn8crG2e/Wd+XjWoDukUcRP2fYFMuooAzj/e9eUyNMHAUesKAT/t/w==",
      "requires": {
        "axios": "^0.21.1",
        "core-js": "^3.10.2",
        "regenerator-runtime": "^0.13.7"
      }
    },
    "axios": {
      "version": "0.21.1",
      "resolved": "https://registry.npmjs.org/axios/-/axios-0.21.1.tgz",
      "integrity": "sha512-dKQiRHxGD9PPRIUNIWvZhPTPpl1rf/OxTYKsqKUDjBwYylTvV7SjSHJb9ratfyzM6wCdLCOYLzs73qpg5c4iGA==",
      "requires": {
        "follow-redirects": "^1.10.0"
      }
    },
    "core-js": {
      "version": "3.12.1",
      "resolved": "https://registry.npmjs.org/core-js/-/core-js-3.12.1.tgz",
      "integrity": "sha512-Ne9DKPHTObRuB09Dru5AjwKjY4cJHVGu+y5f7coGn1E9Grkc3p2iBwE9AI/nJzsE29mQF7oq+mhYYRqOMFN1Bw=="
    },
    "follow-redirects": {
      "version": "1.14.1",
      "resolved": "https://registry.npmjs.org/follow-redirects/-/follow-redirects-1.14.1.tgz",
      "integrity": "sha512-HWqDgT7ZEkqRzBvc2s64vSZ/hfOceEol3ac/7tKwzuvEyWx3/4UegXh5oBOIotkGsObyk3xznnSRVADBgWSQVg=="
    },
    "regenerator-runtime": {
      "version": "0.13.7",
      "resolved": "https://registry.npmjs.org/regenerator-runtime/-/regenerator-runtime-0.13.7.tgz",
      "integrity": "sha512-a54FxoJDIr27pgf7IgeQGxmqUNYrcV338lf/6gH456HZ/PhX+5BcwHXG9ajESmwe6WRO0tAzRUrRmNONWgkrew=="
    }
  }
}
